
Microsoft Visual Studio Solution File, Format Version 12.00
# Visual Studio Version 16
VisualStudioVersion = 16.0.30011.22
MinimumVisualStudioVersion = 10.0.40219.1
Project("{9A19103F-16F7-4668-BE54-9A1E7A4F7556}") = "Example 1 - Playing Sounds", "Example 1 - Playing Sounds\Example 1 - Playing Sounds.csproj", "{57D457D9-0036-4201-B806-7E2E9197E5BF}"
EndProject
Project("{9A19103F-16F7-4668-BE54-9A1E7A4F7556}") = "Example 2 - Playing Sprite Sequences", "Example 2 - Playing Sprite Sequences\Example 2 - Playing Sprite Sequences.csproj", "{4F10F21C-2965-4F44-A3C6-09C5DE7387F3}"
EndProject
Project("{9A19103F-16F7-4668-BE54-9A1E7A4F7556}") = "Example 3 - Composite Image", "Example 3 - Composite Image\Example 3 - Composite Image.csproj", "{74AFF282-6882-4DCF-8C63-309FB29671EE}"
EndProject
Project("{9A19103F-16F7-4668-BE54-9A1E7A4F7556}") = "Example 4 - Classifier", "Example 4 - Classifiers\Example 4 - Classifier.csproj", "{AFC354B5-24B1-4B2E-ACEF-B7F1A63BE735}"
EndProject
Global
	GlobalSection(SolutionConfigurationPlatforms) = preSolution
		Debug|Any CPU = Debug|Any CPU
		Release|Any CPU = Release|Any CPU
	EndGlobalSection
	GlobalSection(ProjectConfigurationPlatforms) = postSolution
		{57D457D9-0036-4201-B806-7E2E9197E5BF}.Debug|Any CPU.ActiveCfg = Debug|Any CPU
		{57D457D9-0036-4201-B806-7E2E9197E5BF}.Debug|Any CPU.Build.0 = Debug|Any CPU
		{57D457D9-0036-4201-B806-7E2E9197E5BF}.Release|Any CPU.ActiveCfg = Release|Any CPU
		{57D457D9-0036-4201-B806-7E2E9197E5BF}.Release|Any CPU.Build.0 = Release|Any CPU
		{4F10F21C-2965-4F44-A3C6-09C5DE7387F3}.Debug|Any CPU.ActiveCfg = Debug|Any CPU
		{4F10F21C-2965-4F44-A3C6-09C5DE7387F3}.Debug|Any CPU.Build.0 = Debug|Any CPU
		{4F10F21C-2965-4F44-A3C6-09C5DE7387F3}.Release|Any CPU.ActiveCfg = Release|Any CPU
		{4F10F21C-2965-4F44-A3C6-09C5DE7387F3}.Release|Any CPU.Build.0 = Release|Any CPU
		{74AFF282-6882-4DCF-8C63-309FB29671EE}.Debug|Any CPU.ActiveCfg = Debug|Any CPU
		{74AFF282-6882-4DCF-8C63-309FB29671EE}.Debug|Any CPU.Build.0 = Debug|Any CPU
		{74AFF282-6882-4DCF-8C63-309FB29671EE}.Release|Any CPU.ActiveCfg = Release|Any CPU
		{74AFF282-6882-4DCF-8C63-309FB29671EE}.Release|Any CPU.Build.0 = Release|Any CPU
		{AFC354B5-24B1-4B2E-ACEF-B7F1A63BE735}.Debug|Any CPU.ActiveCfg = Debug|Any CPU
		{AFC354B5-24B1-4B2E-ACEF-B7F1A63BE735}.Debug|Any CPU.Build.0 = Debug|Any CPU
		{AFC354B5-24B1-4B2E-ACEF-B7F1A63BE735}.Release|Any CPU.ActiveCfg = Release|Any CPU
		{AFC354B5-24B1-4B2E-ACEF-B7F1A63BE735}.Release|Any CPU.Build.0 = Release|Any CPU
	EndGlobalSection
	GlobalSection(SolutionProperties) = preSolution
		HideSolutionNode = FALSE
	EndGlobalSection
	GlobalSection(ExtensibilityGlobals) = postSolution
		SolutionGuid = {BA224B0C-5539-43B7-A12F-E4BEDEF7C2E0}
	EndGlobalSection
EndGlobal
